// !$*UTF8*$!
{
	archiveVersion = 1;
	classes = {
	};
	objectVersion = 56;
	objects = {

/* Begin PBXBuildFile section */
		5BFFF356291236B200619B1D /* LocalRestaurantWorldCupApp.swift in Sources */ = {isa = PBXBuildFile; fileRef = 5BFFF355291236B200619B1D /* LocalRestaurantWorldCupApp.swift */; };
		5BFFF358291236B200619B1D /* ContentView.swift in Sources */ = {isa = PBXBuildFile; fileRef = 5BFFF357291236B200619B1D /* ContentView.swift */; };
		5BFFF35A291236B700619B1D /* Assets.xcassets in Resources */ = {isa = PBXBuildFile; fileRef = 5BFFF359291236B700619B1D /* Assets.xcassets */; };
		5BFFF35D291236B700619B1D /* Preview Assets.xcassets in Resources */ = {isa = PBXBuildFile; fileRef = 5BFFF35C291236B700619B1D /* Preview Assets.xcassets */; };
		5BFFF3642912380E00619B1D /* RestaurantListView.swift in Sources */ = {isa = PBXBuildFile; fileRef = 5BFFF3632912380E00619B1D /* RestaurantListView.swift */; };
		5BFFF3662912382200619B1D /* RestaurantWorldCupView.swift in Sources */ = {isa = PBXBuildFile; fileRef = 5BFFF3652912382200619B1D /* RestaurantWorldCupView.swift */; };
		5BFFF36829123AF900619B1D /* MapView.swift in Sources */ = {isa = PBXBuildFile; fileRef = 5BFFF36729123AF900619B1D /* MapView.swift */; };
		5BFFF36A2912416D00619B1D /* restaurantData.json in Resources */ = {isa = PBXBuildFile; fileRef = 5BFFF3692912416D00619B1D /* restaurantData.json */; };
		5BFFF36C2912420C00619B1D /* Restaurants.swift in Sources */ = {isa = PBXBuildFile; fileRef = 5BFFF36B2912420C00619B1D /* Restaurants.swift */; };
		5BFFF36E291242FF00619B1D /* RestaurantModelData.swift in Sources */ = {isa = PBXBuildFile; fileRef = 5BFFF36D291242FF00619B1D /* RestaurantModelData.swift */; };
/* End PBXBuildFile section */

/* Begin PBXFileReference section */
		5BFFF352291236B200619B1D /* LocalRestaurantWorldCup.app */ = {isa = PBXFileReference; explicitFileType = wrapper.application; includeInIndex = 0; path = LocalRestaurantWorldCup.app; sourceTree = BUILT_PRODUCTS_DIR; };
		5BFFF355291236B200619B1D /* LocalRestaurantWorldCupApp.swift */ = {isa = PBXFileReference; lastKnownFileType = sourcecode.swift; path = LocalRestaurantWorldCupApp.swift; sourceTree = "<group>"; };
		5BFFF357291236B200619B1D /* ContentView.swift */ = {isa = PBXFileReference; lastKnownFileType = sourcecode.swift; path = ContentView.swift; sourceTree = "<group>"; };
		5BFFF359291236B700619B1D /* Assets.xcassets */ = {isa = PBXFileReference; lastKnownFileType = folder.assetcatalog; path = Assets.xcassets; sourceTree = "<group>"; };
		5BFFF35C291236B700619B1D /* Preview Assets.xcassets */ = {isa = PBXFileReference; lastKnownFileType = folder.assetcatalog; path = "Preview Assets.xcassets"; sourceTree = "<group>"; };
		5BFFF3632912380E00619B1D /* RestaurantListView.swift */ = {isa = PBXFileReference; lastKnownFileType = sourcecode.swift; path = RestaurantListView.swift; sourceTree = "<group>"; };
		5BFFF3652912382200619B1D /* RestaurantWorldCupView.swift */ = {isa = PBXFileReference; lastKnownFileType = sourcecode.swift; path = RestaurantWorldCupView.swift; sourceTree = "<group>"; };
		5BFFF36729123AF900619B1D /* MapView.swift */ = {isa = PBXFileReference; lastKnownFileType = sourcecode.swift; path = MapView.swift; sourceTree = "<group>"; };
		5BFFF3692912416D00619B1D /* restaurantData.json */ = {isa = PBXFileReference; fileEncoding = 4; lastKnownFileType = text.json; name = restaurantData.json; path = ../../../../../../../Downloads/restaurantData.json; sourceTree = "<group>"; };
		5BFFF36B2912420C00619B1D /* Restaurants.swift */ = {isa = PBXFileReference; lastKnownFileType = sourcecode.swift; path = Restaurants.swift; sourceTree = "<group>"; };
		5BFFF36D291242FF00619B1D /* RestaurantModelData.swift */ = {isa = PBXFileReference; lastKnownFileType = sourcecode.swift; path = RestaurantModelData.swift; sourceTree = "<group>"; };
		5BFFF36F291245BD00619B1D /* restaurantData.json */ = {isa = PBXFileReference; lastKnownFileType = text.json; path = restaurantData.json; sourceTree = "<group>"; };
/* End PBXFileReference section */

/* Begin PBXFrameworksBuildPhase section */
		5BFFF34F291236B200619B1D /* Frameworks */ = {
			isa = PBXFrameworksBuildPhase;
			buildActionMask = 2147483647;
			files = (
			);
			runOnlyForDeploymentPostprocessing = 0;
		};
/* End PBXFrameworksBuildPhase section */

/* Begin PBXGroup section */
		5BFFF349291236B200619B1D = {
			isa = PBXGroup;
			children = (
				5BFFF354291236B200619B1D /* LocalRestaurantWorldCup */,
				5BFFF353291236B200619B1D /* Products */,
			);
			sourceTree = "<group>";
		};
		5BFFF353291236B200619B1D /* Products */ = {
			isa = PBXGroup;
			children = (
				5BFFF352291236B200619B1D /* LocalRestaurantWorldCup.app */,
			);
			name = Products;
			sourceTree = "<group>";
		};
		5BFFF354291236B200619B1D /* LocalRestaurantWorldCup */ = {
			isa = PBXGroup;
			children = (
				5BFFF355291236B200619B1D /* LocalRestaurantWorldCupApp.swift */,
				5BFFF357291236B200619B1D /* ContentView.swift */,
				5BFFF3632912380E00619B1D /* RestaurantListView.swift */,
				5BFFF36B2912420C00619B1D /* Restaurants.swift */,
				5BFFF36D291242FF00619B1D /* RestaurantModelData.swift */,
				5BFFF36729123AF900619B1D /* MapView.swift */,
				5BFFF3652912382200619B1D /* RestaurantWorldCupView.swift */,
				5BFFF359291236B700619B1D /* Assets.xcassets */,
				5BFFF36F291245BD00619B1D /* restaurantData.json */,
				5BFFF35B291236B700619B1D /* Preview Content */,
			);
			path = LocalRestaurantWorldCup;
			sourceTree = "<group>";
		};
		5BFFF35B291236B700619B1D /* Preview Content */ = {
			isa = PBXGroup;
			children = (
				5BFFF3692912416D00619B1D /* restaurantData.json */,
				5BFFF35C291236B700619B1D /* Preview Assets.xcassets */,
			);
			path = "Preview Content";
			sourceTree = "<group>";
		};
/* End PBXGroup section */

/* Begin PBXNativeTarget section */
		5BFFF351291236B200619B1D /* LocalRestaurantWorldCup */ = {
			isa = PBXNativeTarget;
			buildConfigurationList = 5BFFF360291236B700619B1D /* Build configuration list for PBXNativeTarget "LocalRestaurantWorldCup" */;
			buildPhases = (
				5BFFF34E291236B200619B1D /* Sources */,
				5BFFF34F291236B200619B1D /* Frameworks */,
				5BFFF350291236B200619B1D /* Resources */,
			);
			buildRules = (
			);
			dependencies = (
			);
			name = LocalRestaurantWorldCup;
			productName = LocalRestaurantWorldCup;
			productReference = 5BFFF352291236B200619B1D /* LocalRestaurantWorldCup.app */;
			productType = "com.apple.product-type.application";
		};
/* End PBXNativeTarget section */

/* Begin PBXProject section */
		5BFFF34A291236B200619B1D /* Project object */ = {
			isa = PBXProject;
			attributes = {
				BuildIndependentTargetsInParallel = 1;
				LastSwiftUpdateCheck = 1400;
				LastUpgradeCheck = 1400;
				TargetAttributes = {
					5BFFF351291236B200619B1D = {
						CreatedOnToolsVersion = 14.0.1;
					};
				};
			};
			buildConfigurationList = 5BFFF34D291236B200619B1D /* Build configuration list for PBXProject "LocalRestaurantWorldCup" */;
			compatibilityVersion = "Xcode 14.0";
			developmentRegion = en;
			hasScannedForEncodings = 0;
			knownRegions = (
				en,
				Base,
			);
			mainGroup = 5BFFF349291236B200619B1D;
			productRefGroup = 5BFFF353291236B200619B1D /* Products */;
			projectDirPath = "";
			projectRoot = "";
			targets = (
				5BFFF351291236B200619B1D /* LocalRestaurantWorldCup */,
			);
		};
/* End PBXProject section */

/* Begin PBXResourcesBuildPhase section */
		5BFFF350291236B200619B1D /* Resources */ = {
			isa = PBXResourcesBuildPhase;
			buildActionMask = 2147483647;
			files = (
				5BFFF35D291236B700619B1D /* Preview Assets.xcassets in Resources */,
				5BFFF35A291236B700619B1D /* Assets.xcassets in Resources */,
				5BFFF36A2912416D00619B1D /* restaurantData.json in Resources */,
			);
			runOnlyForDeploymentPostprocessing = 0;
		};
/* End PBXResourcesBuildPhase section */

/* Begin PBXSourcesBuildPhase section */
		5BFFF34E291236B200619B1D /* Sources */ = {
			isa = PBXSourcesBuildPhase;
			buildActionMask = 2147483647;
			files = (
				5BFFF3642912380E00619B1D /* RestaurantListView.swift in Sources */,
				5BFFF358291236B200619B1D /* ContentView.swift in Sources */,
				5BFFF36829123AF900619B1D /* MapView.swift in Sources */,
				5BFFF356291236B200619B1D /* LocalRestaurantWorldCupApp.swift in Sources */,
				5BFFF36E291242FF00619B1D /* RestaurantModelData.swift in Sources */,
				5BFFF3662912382200619B1D /* RestaurantWorldCupView.swift in Sources */,
				5BFFF36C2912420C00619B1D /* Restaurants.swift in Sources */,
			);
			runOnlyForDeploymentPostprocessing = 0;
		};
/* End PBXSourcesBuildPhase section */

/* Begin XCBuildConfiguration section */
		5BFFF35E291236B700619B1D /* Debug */ = {
			isa = XCBuildConfiguration;
			buildSettings = {
				ALWAYS_SEARCH_USER_PATHS = NO;
				CLANG_ANALYZER_NONNULL = YES;
				CLANG_ANALYZER_NUMBER_OBJECT_CONVERSION = YES_AGGRESSIVE;
				CLANG_CXX_LANGUAGE_STANDARD = "gnu++20";
				CLANG_ENABLE_MODULES = YES;
				CLANG_ENABLE_OBJC_ARC = YES;
				CLANG_ENABLE_OBJC_WEAK = YES;
				CLANG_WARN_BLOCK_CAPTURE_AUTORELEASING = YES;
				CLANG_WARN_BOOL_CONVERSION = YES;
				CLANG_WARN_COMMA = YES;
				CLANG_WARN_CONSTANT_CONVERSION = YES;
				CLANG_WARN_DEPRECATED_OBJC_IMPLEMENTATIONS = YES;
				CLANG_WARN_DIRECT_OBJC_ISA_USAGE = YES_ERROR;
				CLANG_WARN_DOCUMENTATION_COMMENTS = YES;
				CLANG_WARN_EMPTY_BODY = YES;
				CLANG_WARN_ENUM_CONVERSION = YES;
				CLANG_WARN_INFINITE_RECURSION = YES;
				CLANG_WARN_INT_CONVERSION = YES;
				CLANG_WARN_NON_LITERAL_NULL_CONVERSION = YES;
				CLANG_WARN_OBJC_IMPLICIT_RETAIN_SELF = YES;
				CLANG_WARN_OBJC_LITERAL_CONVERSION = YES;
				CLANG_WARN_OBJC_ROOT_CLASS = YES_ERROR;
				CLANG_WARN_QUOTED_INCLUDE_IN_FRAMEWORK_HEADER = YES;
				CLANG_WARN_RANGE_LOOP_ANALYSIS = YES;
				CLANG_WARN_STRICT_PROTOTYPES = YES;
				CLANG_WARN_SUSPICIOUS_MOVE = YES;
				CLANG_WARN_UNGUARDED_AVAILABILITY = YES_AGGRESSIVE;
				CLANG_WARN_UNREACHABLE_CODE = YES;
				CLANG_WARN__DUPLICATE_METHOD_MATCH = YES;
				COPY_PHASE_STRIP = NO;
				DEBUG_INFORMATION_FORMAT = dwarf;
				ENABLE_STRICT_OBJC_MSGSEND = YES;
				ENABLE_TESTABILITY = YES;
				GCC_C_LANGUAGE_STANDARD = gnu11;
				GCC_DYNAMIC_NO_PIC = NO;
				GCC_NO_COMMON_BLOCKS = YES;
				GCC_OPTIMIZATION_LEVEL = 0;
				GCC_PREPROCESSOR_DEFINITIONS = (
					"DEBUG=1",
					"$(inherited)",
				);
				GCC_WARN_64_TO_32_BIT_CONVERSION = YES;
				GCC_WARN_ABOUT_RETURN_TYPE = YES_ERROR;
				GCC_WARN_UNDECLARED_SELECTOR = YES;
				GCC_WARN_UNINITIALIZED_AUTOS = YES_AGGRESSIVE;
				GCC_WARN_UNUSED_FUNCTION = YES;
				GCC_WARN_UNUSED_VARIABLE = YES;
				IPHONEOS_DEPLOYMENT_TARGET = 16.0;
				MTL_ENABLE_DEBUG_INFO = INCLUDE_SOURCE;
				MTL_FAST_MATH = YES;
				ONLY_ACTIVE_ARCH = YES;
				SDKROOT = iphoneos;
				SWIFT_ACTIVE_COMPILATION_CONDITIONS = DEBUG;
				SWIFT_OPTIMIZATION_LEVEL = "-Onone";
			};
			name = Debug;
		};
		5BFFF35F291236B700619B1D /* Release */ = {
			isa = XCBuildConfiguration;
			buildSettings = {
				ALWAYS_SEARCH_USER_PATHS = NO;
				CLANG_ANALYZER_NONNULL = YES;
				CLANG_ANALYZER_NUMBER_OBJECT_CONVERSION = YES_AGGRESSIVE;
				CLANG_CXX_LANGUAGE_STANDARD = "gnu++20";
				CLANG_ENABLE_MODULES = YES;
				CLANG_ENABLE_OBJC_ARC = YES;
				CLANG_ENABLE_OBJC_WEAK = YES;
				CLANG_WARN_BLOCK_CAPTURE_AUTORELEASING = YES;
				CLANG_WARN_BOOL_CONVERSION = YES;
				CLANG_WARN_COMMA = YES;
				CLANG_WARN_CONSTANT_CONVERSION = YES;
				CLANG_WARN_DEPRECATED_OBJC_IMPLEMENTATIONS = YES;
				CLANG_WARN_DIRECT_OBJC_ISA_USAGE = YES_ERROR;
				CLANG_WARN_DOCUMENTATION_COMMENTS = YES;
				CLANG_WARN_EMPTY_BODY = YES;
				CLANG_WARN_ENUM_CONVERSION = YES;
				CLANG_WARN_INFINITE_RECURSION = YES;
				CLANG_WARN_INT_CONVERSION = YES;
				CLANG_WARN_NON_LITERAL_NULL_CONVERSION = YES;
				CLANG_WARN_OBJC_IMPLICIT_RETAIN_SELF = YES;
				CLANG_WARN_OBJC_LITERAL_CONVERSION = YES;
				CLANG_WARN_OBJC_ROOT_CLASS = YES_ERROR;
				CLANG_WARN_QUOTED_INCLUDE_IN_FRAMEWORK_HEADER = YES;
				CLANG_WARN_RANGE_LOOP_ANALYSIS = YES;
				CLANG_WARN_STRICT_PROTOTYPES = YES;
				CLANG_WARN_SUSPICIOUS_MOVE = YES;
				CLANG_WARN_UNGUARDED_AVAILABILITY = YES_AGGRESSIVE;
				CLANG_WARN_UNREACHABLE_CODE = YES;
				CLANG_WARN__DUPLICATE_METHOD_MATCH = YES;
				COPY_PHASE_STRIP = NO;
				DEBUG_INFORMATION_FORMAT = "dwarf-with-dsym";
				ENABLE_NS_ASSERTIONS = NO;
				ENABLE_STRICT_OBJC_MSGSEND = YES;
				GCC_C_LANGUAGE_STANDARD = gnu11;
				GCC_NO_COMMON_BLOCKS = YES;
				GCC_WARN_64_TO_32_BIT_CONVERSION = YES;
				GCC_WARN_ABOUT_RETURN_TYPE = YES_ERROR;
				GCC_WARN_UNDECLARED_SELECTOR = YES;
				GCC_WARN_UNINITIALIZED_AUTOS = YES_AGGRESSIVE;
				GCC_WARN_UNUSED_FUNCTION = YES;
				GCC_WARN_UNUSED_VARIABLE = YES;
				IPHONEOS_DEPLOYMENT_TARGET = 16.0;
				MTL_ENABLE_DEBUG_INFO = NO;
				MTL_FAST_MATH = YES;
				SDKROOT = iphoneos;
				SWIFT_COMPILATION_MODE = wholemodule;
				SWIFT_OPTIMIZATION_LEVEL = "-O";
				VALIDATE_PRODUCT = YES;
			};
			name = Release;
		};
		5BFFF361291236B700619B1D /* Debug */ = {
			isa = XCBuildConfiguration;
			buildSettings = {
				ASSETCATALOG_COMPILER_APPICON_NAME = AppIcon;
				ASSETCATALOG_COMPILER_GLOBAL_ACCENT_COLOR_NAME = AccentColor;
				CODE_SIGN_STYLE = Automatic;
				CURRENT_PROJECT_VERSION = 1;
				DEVELOPMENT_ASSET_PATHS = "\"LocalRestaurantWorldCup/Preview Content\"";
				DEVELOPMENT_TEAM = SUDPP9C593;
				ENABLE_PREVIEWS = YES;
				GENERATE_INFOPLIST_FILE = YES;
				INFOPLIST_KEY_UIApplicationSceneManifest_Generation = YES;
				INFOPLIST_KEY_UIApplicationSupportsIndirectInputEvents = YES;
				INFOPLIST_KEY_UILaunchScreen_Generation = YES;
				INFOPLIST_KEY_UISupportedInterfaceOrientations_iPad = "UIInterfaceOrientationPortrait UIInterfaceOrientationPortraitUpsideDown UIInterfaceOrientationLandscapeLeft UIInterfaceOrientationLandscapeRight";
				INFOPLIST_KEY_UISupportedInterfaceOrientations_iPhone = "UIInterfaceOrientationPortrait UIInterfaceOrientationLandscapeLeft UIInterfaceOrientationLandscapeRight";
				LD_RUNPATH_SEARCH_PATHS = (
					"$(inherited)",
					"@executable_path/Frameworks",
				);
				MARKETING_VERSION = 1.0;
				PRODUCT_BUNDLE_IDENTIFIER = kr.martin.LocalRestaurantWorldCup;
				PRODUCT_NAME = "$(TARGET_NAME)";
				SWIFT_EMIT_LOC_STRINGS = YES;
				SWIFT_VERSION = 5.0;
				TARGETED_DEVICE_FAMILY = "1,2";
			};
			name = Debug;
		};
		5BFFF362291236B700619B1D /* Release */ = {
			isa = XCBuildConfiguration;
			buildSettings = {
				ASSETCATALOG_COMPILER_APPICON_NAME = AppIcon;
				ASSETCATALOG_COMPILER_GLOBAL_ACCENT_COLOR_NAME = AccentColor;
				CODE_SIGN_STYLE = Automatic;
				CURRENT_PROJECT_VERSION = 1;
				DEVELOPMENT_ASSET_PATHS = "\"LocalRestaurantWorldCup/Preview Content\"";
				DEVELOPMENT_TEAM = SUDPP9C593;
				ENABLE_PREVIEWS = YES;
				GENERATE_INFOPLIST_FILE = YES;
				INFOPLIST_KEY_UIApplicationSceneManifest_Generation = YES;
				INFOPLIST_KEY_UIApplicationSupportsIndirectInputEvents = YES;
				INFOPLIST_KEY_UILaunchScreen_Generation = YES;
				INFOPLIST_KEY_UISupportedInterfaceOrientations_iPad = "UIInterfaceOrientationPortrait UIInterfaceOrientationPortraitUpsideDown UIInterfaceOrientationLandscapeLeft UIInterfaceOrientationLandscapeRight";
				INFOPLIST_KEY_UISupportedInterfaceOrientations_iPhone = "UIInterfaceOrientationPortrait UIInterfaceOrientationLandscapeLeft UIInterfaceOrientationLandscapeRight";
				LD_RUNPATH_SEARCH_PATHS = (
					"$(inherited)",
					"@executable_path/Frameworks",
				);
				MARKETING_VERSION = 1.0;
				PRODUCT_BUNDLE_IDENTIFIER = kr.martin.LocalRestaurantWorldCup;
				PRODUCT_NAME = "$(TARGET_NAME)";
				SWIFT_EMIT_LOC_STRINGS = YES;
				SWIFT_VERSION = 5.0;
				TARGETED_DEVICE_FAMILY = "1,2";
			};
			name = Release;
		};
/* End XCBuildConfiguration section */

/* Begin XCConfigurationList section */
		5BFFF34D291236B200619B1D /* Build configuration list for PBXProject "LocalRestaurantWorldCup" */ = {
			isa = XCConfigurationList;
			buildConfigurations = (
				5BFFF35E291236B700619B1D /* Debug */,
				5BFFF35F291236B700619B1D /* Release */,
			);
			defaultConfigurationIsVisible = 0;
			defaultConfigurationName = Release;
		};
		5BFFF360291236B700619B1D /* Build configuration list for PBXNativeTarget "LocalRestaurantWorldCup" */ = {
			isa = XCConfigurationList;
			buildConfigurations = (
				5BFFF361291236B700619B1D /* Debug */,
				5BFFF362291236B700619B1D /* Release */,
			);
			defaultConfigurationIsVisible = 0;
			defaultConfigurationName = Release;
		};
/* End XCConfigurationList section */
	};
	rootObject = 5BFFF34A291236B200619B1D /* Project object */;
}
